
Microsoft Visual Studio Solution File, Format Version 12.00
# Visual Studio Version 16
VisualStudioVersion = 16.0.31129.286
MinimumVisualStudioVersion = 10.0.40219.1
Project("{FAE04EC0-301F-11D3-BF4B-00C04F79EFBC}") = "Winner", "Winner.csproj", "{741CA23B-F6EC-41A9-A9A4-CD02CDFD6A88}"
EndProject
Global
	GlobalSection(SolutionConfigurationPlatforms) = preSolution
		Debug|Any CPU = Debug|Any CPU
		Release|Any CPU = Release|Any CPU
	EndGlobalSection
	GlobalSection(ProjectConfigurationPlatforms) = postSolution
		{741CA23B-F6EC-41A9-A9A4-CD02CDFD6A88}.Debug|Any CPU.ActiveCfg = Debug|Any CPU
		{741CA23B-F6EC-41A9-A9A4-CD02CDFD6A88}.Debug|Any CPU.Build.0 = Debug|Any CPU
		{741CA23B-F6EC-41A9-A9A4-CD02CDFD6A88}.Release|Any CPU.ActiveCfg = Release|Any CPU
		{741CA23B-F6EC-41A9-A9A4-CD02CDFD6A88}.Release|Any CPU.Build.0 = Release|Any CPU
	EndGlobalSection
	GlobalSection(SolutionProperties) = preSolution
		HideSolutionNode = FALSE
	EndGlobalSection
	GlobalSection(ExtensibilityGlobals) = postSolution
		SolutionGuid = {1EA621C0-CFE5-41CE-A0F1-5B9001A1077C}
	EndGlobalSection
EndGlobal
